github.com/sunshineplan/service v1.0.3 h1:eRisjis3IPX36yqbhFpLz+XCNyMj5835KTej70MsjRs=
github.com/sunshineplan/service v1.0.3/go.mod h1:zQQ/Qgm5Od6y4y3P2V8Tof499lXrKNdHeYsVbXEZ738=
github.com/sunshineplan/utils v0.0.20/go.mod h1:95AdNDzwlNcOSwYsCEFIzDOC/osnR3EnIeE5UmbN/SE=
github.com/sunshineplan/utils v0.0.23 h1:fNSHaG2GnbkhtYR2Ok14s7ZDLLB/zwxynEWC3GPKR4g=
github.com/sunshineplan/utils v0.0.23/go.mod h1:95AdNDzwlNcOSwYsCEFIzDOC/osnR3EnIeE5UmbN/SE=
github.com/vharitonsky/iniflags v0.0.0-20180513140207-a33cd0b5f3de h1:fkw+7JkxF3U1GzQoX9h69Wvtvxajo5Rbzy6+YMMzPIg=
github.com/vharitonsky/iniflags v0.0.0-20180513140207-a33cd0b5f3de/go.mod h1:irMhzlTz8+fVFj6CH2AN2i+WI5S6wWFtK3MBCIxIpyI=
golang.org/x/sys v0.0.0-20211117180635-dee7805ff2e1 h1:kwrAHlwJ0DUBZwQ238v+Uod/3eZ8B2K5rYsUHBQvzmI=
golang.org/x/sys v0.0.0-20211117180635-dee7805ff2e1/go.mod h1:oPkhp1MJrh7nUepCBck5+mAzfO9JrbApNNgaTdGDITg=
