github.com/fsnotify/fsnotify v1.7.0 h1:8JEhPFa5W2WU7YfeZzPNqzMP6Lwt7L2715Ggo0nosvA=
github.com/fsnotify/fsnotify v1.7.0/go.mod h1:40Bi/Hjc2AVfZrqy+aj+yEI+/bRxZnMJyTJwOpGvigM=
github.com/sunshineplan/limiter v1.0.0 h1:wx3q5eS5J+ggXlAxzg9k6UbDyJYrysNmHyxt5cNmCP8=
github.com/sunshineplan/limiter v1.0.0/go.mod h1:+Pjd5Pu7i5YclrnFz+MBFxGB9+MZ2cytQeV+S9kXOxY=
github.com/sunshineplan/service v1.0.20 h1:fmNR9yN8SW/ySES42Tg6B7wnMQwzzSOp01/wT3JyzAA=
github.com/sunshineplan/service v1.0.20/go.mod h1:85r/lTsL++K4PnGpMrg3P9gfwrgGsTeTTPByR/J3g1Y=
github.com/sunshineplan/utils v0.1.69 h1:sV6Y6xmBkT5aCn9EjAPAcFuCqMhXVPDD3k+NE+rEMDI=
github.com/sunshineplan/utils v0.1.69/go.mod h1:QMe2vCEFq9VliPac8WfXndi5jP0ZrPHus8wvJlgBy5M=
github.com/sunshineplan/utils/httpproxy v1.0.6 h1:ZXLE5OcLbZ3LVKGjOP+JyNbeWcLOYTR+5srG1T9LF1s=
github.com/sunshineplan/utils/httpproxy v1.0.6/go.mod h1:4TO5jy9+SS2y0L6Znua0ZRDvuabRdcLUYBIfUkL8Yk0=
golang.org/x/net v0.23.0 h1:7EYJ93RZ9vYSZAIb2x3lnuvqO5zneoD6IvWjuhfxjTs=
golang.org/x/net v0.23.0/go.mod h1:JKghWKKOSdJwpW2GEx0Ja7fmaKnMsbu+MWVZTokSYmg=
golang.org/x/sys v0.20.0 h1:Od9JTbYCk261bKm4M/mw7AklTlFYIa0bIp9BgSm1S8Y=
golang.org/x/sys v0.20.0/go.mod h1:/VUhepiaJMQUp4+oa/7Zr1D23ma6VTLIYjOOTFZPUcA=
golang.org/x/time v0.5.0 h1:o7cqy6amK/52YcAKIPlM3a+Fpj35zvRj2TP+e1xFSfk=
golang.org/x/time v0.5.0/go.mod h1:3BpzKBy/shNhVucY/MWOyx10tF3SFh9QdLuxbVysPQM=
