github.com/fsnotify/fsnotify v1.6.0 h1:n+5WquG0fcWoWp6xPWfHdbskMCQaFnG6PfBrh1Ky4HY=
github.com/fsnotify/fsnotify v1.6.0/go.mod h1:sl3t1tCWJFWoRz9R8WJCbQihKKwmorjAbSClcnxKAGw=
github.com/sunshineplan/service v1.0.12 h1:McJnGuPNRZOFFjMVJPpH9dpD8dvb6o+oCSPIVIJwAow=
github.com/sunshineplan/service v1.0.12/go.mod h1:XmiLeC4HnlHgwgcn6LhfUctBXGNh9cBkJk5auYKH+Wc=
github.com/sunshineplan/utils v0.1.36 h1:GyQDRfBJHumIrPW4w/bpghJtVuPzRsXBVsrgfWCWP6U=
github.com/sunshineplan/utils v0.1.36/go.mod h1:Wx+eubdt52Vl0l7U6gGjtP6VGrA5jqLeqWNDckGXL8I=
github.com/sunshineplan/utils/httpproxy v1.0.5 h1:rf3UuO4QaPNgOgZgE5HEqoFWZ2SgSx40EbkwgZFozh4=
github.com/sunshineplan/utils/httpproxy v1.0.5/go.mod h1:SJIuInpFyue5S0NDIjQ5aXaVK9vm9e+yTiKk9HC7vPc=
golang.org/x/net v0.7.0 h1:rJrUqqhjsgNp7KqAIc25s9pZnjU7TUcSY7HcVZjdn1g=
golang.org/x/net v0.7.0/go.mod h1:2Tu9+aMcznHK/AK1HMvgo6xiTLG5rD5rZLDS+rp2Bjs=
golang.org/x/sys v0.0.0-20220908164124-27713097b956/go.mod h1:oPkhp1MJrh7nUepCBck5+mAzfO9JrbApNNgaTdGDITg=
golang.org/x/sys v0.6.0 h1:MVltZSvRTcU2ljQOhs94SXPftV6DCNnZViHeQps87pQ=
golang.org/x/sys v0.6.0/go.mod h1:oPkhp1MJrh7nUepCBck5+mAzfO9JrbApNNgaTdGDITg=
