github.com/fsnotify/fsnotify v1.8.0 h1:dAwr6QBTBZIkG8roQaJjGof0pp0EeF+tNV7YBP3F/8M=
github.com/fsnotify/fsnotify v1.8.0/go.mod h1:8jBTzvmWwFyi3Pb8djgCCO5IBqzKJ/Jwo8TRcHyHii0=
github.com/sunshineplan/limiter v1.0.0 h1:wx3q5eS5J+ggXlAxzg9k6UbDyJYrysNmHyxt5cNmCP8=
github.com/sunshineplan/limiter v1.0.0/go.mod h1:+Pjd5Pu7i5YclrnFz+MBFxGB9+MZ2cytQeV+S9kXOxY=
github.com/sunshineplan/service v1.0.21 h1:UXYaWwLVMeG5cZ40vlxVQLpymuSesCZK8ADn7uvQB2Q=
github.com/sunshineplan/service v1.0.21/go.mod h1:dZtX1ktoLwftAH+p7Pve4xbaQyRuzFq1j8m1HStMsso=
github.com/sunshineplan/utils v0.1.73 h1:Kvi45QYzdvNqQKON5Q67M7U/35+RrOnX7K8sbZtHsgI=
github.com/sunshineplan/utils v0.1.73/go.mod h1:61jHA9jn2CVlZzt9LbPz+MpOEiR6Jy5SNHHEcc/KQNk=
golang.org/x/net v0.30.0 h1:AcW1SDZMkb8IpzCdQUaIq2sP4sZ4zw+55h6ynffypl4=
golang.org/x/net v0.30.0/go.mod h1:2wGyMJ5iFasEhkwi13ChkO/t1ECNC4X4eBKkVFyYFlU=
golang.org/x/sys v0.26.0 h1:KHjCJyddX0LoSTb3J+vWpupP9p0oznkqVk/IfjymZbo=
golang.org/x/sys v0.26.0/go.mod h1:/VUhepiaJMQUp4+oa/7Zr1D23ma6VTLIYjOOTFZPUcA=
golang.org/x/time v0.7.0 h1:ntUhktv3OPE6TgYxXWv9vKvUSJyIFJlyohwbkEwPrKQ=
golang.org/x/time v0.7.0/go.mod h1:3BpzKBy/shNhVucY/MWOyx10tF3SFh9QdLuxbVysPQM=
