github.com/fsnotify/fsnotify v1.8.0 h1:dAwr6QBTBZIkG8roQaJjGof0pp0EeF+tNV7YBP3F/8M=
github.com/fsnotify/fsnotify v1.8.0/go.mod h1:8jBTzvmWwFyi3Pb8djgCCO5IBqzKJ/Jwo8TRcHyHii0=
github.com/sunshineplan/limiter v1.0.0 h1:wx3q5eS5J+ggXlAxzg9k6UbDyJYrysNmHyxt5cNmCP8=
github.com/sunshineplan/limiter v1.0.0/go.mod h1:+Pjd5Pu7i5YclrnFz+MBFxGB9+MZ2cytQeV+S9kXOxY=
github.com/sunshineplan/service v1.0.21 h1:UXYaWwLVMeG5cZ40vlxVQLpymuSesCZK8ADn7uvQB2Q=
github.com/sunshineplan/service v1.0.21/go.mod h1:dZtX1ktoLwftAH+p7Pve4xbaQyRuzFq1j8m1HStMsso=
github.com/sunshineplan/utils v0.1.74 h1:Zr5Si2lllOfDbxcSz4GpaSsF24CzlBFNrF/WGMc8lH8=
github.com/sunshineplan/utils v0.1.74/go.mod h1:61jHA9jn2CVlZzt9LbPz+MpOEiR6Jy5SNHHEcc/KQNk=
golang.org/x/net v0.36.0 h1:vWF2fRbw4qslQsQzgFqZff+BItCvGFQqKzKIzx1rmoA=
golang.org/x/net v0.36.0/go.mod h1:bFmbeoIPfrw4sMHNhb4J9f6+tPziuGjq7Jk/38fxi1I=
golang.org/x/sys v0.30.0 h1:QjkSwP/36a20jFYWkSue1YwXzLmsV5Gfq7Eiy72C1uc=
golang.org/x/sys v0.30.0/go.mod h1:/VUhepiaJMQUp4+oa/7Zr1D23ma6VTLIYjOOTFZPUcA=
golang.org/x/time v0.10.0 h1:3usCWA8tQn0L8+hFJQNgzpWbd89begxN66o1Ojdn5L4=
golang.org/x/time v0.10.0/go.mod h1:3BpzKBy/shNhVucY/MWOyx10tF3SFh9QdLuxbVysPQM=
